
Microsoft Visual Studio Solution File, Format Version 12.00
# Visual Studio Version 16
VisualStudioVersion = 16.0.32602.291
MinimumVisualStudioVersion = 10.0.40219.1
Project("{FAE04EC0-301F-11D3-BF4B-00C04F79EFBC}") = "Assignment4_InventoryProject", "Assignment4_InventoryProject.csproj", "{59257F88-EA34-4C05-8136-260A6FF68775}"
EndProject
Global
	GlobalSection(SolutionConfigurationPlatforms) = preSolution
		Debug|Any CPU = Debug|Any CPU
		Release|Any CPU = Release|Any CPU
	EndGlobalSection
	GlobalSection(ProjectConfigurationPlatforms) = postSolution
		{59257F88-EA34-4C05-8136-260A6FF68775}.Debug|Any CPU.ActiveCfg = Debug|Any CPU
		{59257F88-EA34-4C05-8136-260A6FF68775}.Debug|Any CPU.Build.0 = Debug|Any CPU
		{59257F88-EA34-4C05-8136-260A6FF68775}.Release|Any CPU.ActiveCfg = Release|Any CPU
		{59257F88-EA34-4C05-8136-260A6FF68775}.Release|Any CPU.Build.0 = Release|Any CPU
	EndGlobalSection
	GlobalSection(SolutionProperties) = preSolution
		HideSolutionNode = FALSE
	EndGlobalSection
	GlobalSection(ExtensibilityGlobals) = postSolution
		SolutionGuid = {57B93029-C4C7-4836-AE74-ABB7D3C84EF0}
	EndGlobalSection
EndGlobal
